
Microsoft Visual Studio Solution File, Format Version 12.00
# Visual Studio Version 17
VisualStudioVersion = 17.13.35825.156 d17.13
MinimumVisualStudioVersion = 10.0.40219.1
Project("{FAE04EC0-301F-11D3-BF4B-00C04F79EFBC}") = "MiniProject_StudentCheck", "MiniProject_StudentCheck\MiniProject_StudentCheck.csproj", "{2DEED830-F06B-4459-990F-D9C367520CFC}"
EndProject
Global
	GlobalSection(SolutionConfigurationPlatforms) = preSolution
		Debug|Any CPU = Debug|Any CPU
		Release|Any CPU = Release|Any CPU
	EndGlobalSection
	GlobalSection(ProjectConfigurationPlatforms) = postSolution
		{2DEED830-F06B-4459-990F-D9C367520CFC}.Debug|Any CPU.ActiveCfg = Debug|Any CPU
		{2DEED830-F06B-4459-990F-D9C367520CFC}.Debug|Any CPU.Build.0 = Debug|Any CPU
		{2DEED830-F06B-4459-990F-D9C367520CFC}.Release|Any CPU.ActiveCfg = Release|Any CPU
		{2DEED830-F06B-4459-990F-D9C367520CFC}.Release|Any CPU.Build.0 = Release|Any CPU
	EndGlobalSection
	GlobalSection(SolutionProperties) = preSolution
		HideSolutionNode = FALSE
	EndGlobalSection
	GlobalSection(ExtensibilityGlobals) = postSolution
		SolutionGuid = {1496A536-BA73-4077-8D7D-1320D234020C}
	EndGlobalSection
EndGlobal
